
Microsoft Visual Studio Solution File, Format Version 12.00
Project("{FAE04EC0-301F-11D3-BF4B-00C04F79EFBC}") = "api_web", "api_web\api_web.csproj", "{E30967CB-FEBE-475C-886E-C35EDA3A9F0D}"
EndProject
Project("{FAE04EC0-301F-11D3-BF4B-00C04F79EFBC}") = "api_test", "api_test\api_test.csproj", "{669713DF-ADCC-43BD-984D-9F51620D05E9}"
EndProject
Global
	GlobalSection(SolutionConfigurationPlatforms) = preSolution
		Debug|Any CPU = Debug|Any CPU
		Release|Any CPU = Release|Any CPU
	EndGlobalSection
	GlobalSection(ProjectConfigurationPlatforms) = postSolution
		{E30967CB-FEBE-475C-886E-C35EDA3A9F0D}.Debug|Any CPU.ActiveCfg = Debug|Any CPU
		{E30967CB-FEBE-475C-886E-C35EDA3A9F0D}.Debug|Any CPU.Build.0 = Debug|Any CPU
		{E30967CB-FEBE-475C-886E-C35EDA3A9F0D}.Release|Any CPU.ActiveCfg = Release|Any CPU
		{E30967CB-FEBE-475C-886E-C35EDA3A9F0D}.Release|Any CPU.Build.0 = Release|Any CPU
		{669713DF-ADCC-43BD-984D-9F51620D05E9}.Debug|Any CPU.ActiveCfg = Debug|Any CPU
		{669713DF-ADCC-43BD-984D-9F51620D05E9}.Debug|Any CPU.Build.0 = Debug|Any CPU
		{669713DF-ADCC-43BD-984D-9F51620D05E9}.Release|Any CPU.ActiveCfg = Release|Any CPU
		{669713DF-ADCC-43BD-984D-9F51620D05E9}.Release|Any CPU.Build.0 = Release|Any CPU
	EndGlobalSection
EndGlobal
